
Microsoft Visual Studio Solution File, Format Version 12.00
# Visual Studio Version 17
VisualStudioVersion = 17.0.32014.148
MinimumVisualStudioVersion = 10.0.40219.1
Project("{FAE04EC0-301F-11D3-BF4B-00C04F79EFBC}") = "ClientPlugin", "ClientPlugin\ClientPlugin.csproj", "{E507FDD0-C983-44A3-BBEE-82856AC4AAE0}"
EndProject
Project("{FAE04EC0-301F-11D3-BF4B-00C04F79EFBC}") = "TorchPlugin", "TorchPlugin\TorchPlugin.csproj", "{BA48180C-934C-484C-B502-44C1A855A37C}"
EndProject
Project("{FAE04EC0-301F-11D3-BF4B-00C04F79EFBC}") = "DedicatedPlugin", "DedicatedPlugin\DedicatedPlugin.csproj", "{21F45862-D7B3-4AFD-8056-099E713A7C25}"
EndProject
Project("{D954291E-2A0B-460D-934E-DC6B0785DB48}") = "Shared", "Shared\Shared.shproj", "{204234CA-79BF-42DE-BCE7-4737BBCC0290}"
EndProject
Global
	GlobalSection(SharedMSBuildProjectFiles) = preSolution
		Shared\Shared.projitems*{204234ca-79bf-42de-bce7-4737bbcc0290}*SharedItemsImports = 13
		Shared\Shared.projitems*{21f45862-d7b3-4afd-8056-099e713a7c25}*SharedItemsImports = 4
		Shared\Shared.projitems*{ba48180c-934c-484c-b502-44c1a855a37c}*SharedItemsImports = 4
		Shared\Shared.projitems*{e507fdd0-c983-44a3-bbee-82856ac4aae0}*SharedItemsImports = 4
	EndGlobalSection
	GlobalSection(SolutionConfigurationPlatforms) = preSolution
		Debug|x64 = Debug|x64
		Release|x64 = Release|x64
	EndGlobalSection
	GlobalSection(ProjectConfigurationPlatforms) = postSolution
		{E507FDD0-C983-44A3-BBEE-82856AC4AAE0}.Debug|x64.ActiveCfg = Debug|x64
		{E507FDD0-C983-44A3-BBEE-82856AC4AAE0}.Debug|x64.Build.0 = Debug|x64
		{E507FDD0-C983-44A3-BBEE-82856AC4AAE0}.Release|x64.ActiveCfg = Release|x64
		{E507FDD0-C983-44A3-BBEE-82856AC4AAE0}.Release|x64.Build.0 = Release|x64
		{BA48180C-934C-484C-B502-44C1A855A37C}.Debug|x64.ActiveCfg = Debug|x64
		{BA48180C-934C-484C-B502-44C1A855A37C}.Debug|x64.Build.0 = Debug|x64
		{BA48180C-934C-484C-B502-44C1A855A37C}.Release|x64.ActiveCfg = Release|x64
		{BA48180C-934C-484C-B502-44C1A855A37C}.Release|x64.Build.0 = Release|x64
		{21F45862-D7B3-4AFD-8056-099E713A7C25}.Debug|x64.ActiveCfg = Debug|x64
		{21F45862-D7B3-4AFD-8056-099E713A7C25}.Debug|x64.Build.0 = Debug|x64
		{21F45862-D7B3-4AFD-8056-099E713A7C25}.Release|x64.ActiveCfg = Release|x64
		{21F45862-D7B3-4AFD-8056-099E713A7C25}.Release|x64.Build.0 = Release|x64
	EndGlobalSection
	GlobalSection(SolutionProperties) = preSolution
		HideSolutionNode = FALSE
	EndGlobalSection
	GlobalSection(ExtensibilityGlobals) = postSolution
		SolutionGuid = {D2F9DB86-2C75-4DCA-B774-4D41998D2D75}
	EndGlobalSection
EndGlobal
