
Microsoft Visual Studio Solution File, Format Version 12.00
# Visual Studio Version 17
VisualStudioVersion = 17.0.32014.148
MinimumVisualStudioVersion = 10.0.40219.1
Project("{FAE04EC0-301F-11D3-BF4B-00C04F79EFBC}") = "ClientPlugin", "ClientPlugin\ClientPlugin.csproj", "{E507FDD0-C983-44A3-BBEE-82856AC4AAE0}"
EndProject
Global
	GlobalSection(SolutionConfigurationPlatforms) = preSolution
		Debug|x64 = Debug|x64
		Release|x64 = Release|x64
	EndGlobalSection
	GlobalSection(ProjectConfigurationPlatforms) = postSolution
		{E507FDD0-C983-44A3-BBEE-82856AC4AAE0}.Debug|x64.ActiveCfg = Debug|x64
		{E507FDD0-C983-44A3-BBEE-82856AC4AAE0}.Debug|x64.Build.0 = Debug|x64
		{E507FDD0-C983-44A3-BBEE-82856AC4AAE0}.Release|x64.ActiveCfg = Release|x64
		{E507FDD0-C983-44A3-BBEE-82856AC4AAE0}.Release|x64.Build.0 = Release|x64
	EndGlobalSection
	GlobalSection(SolutionProperties) = preSolution
		HideSolutionNode = FALSE
	EndGlobalSection
	GlobalSection(ExtensibilityGlobals) = postSolution
		SolutionGuid = {D2F9DB86-2C75-4DCA-B774-4D41998D2D75}
	EndGlobalSection
EndGlobal
