
Microsoft Visual Studio Solution File, Format Version 12.00
# Visual Studio Version 17
VisualStudioVersion = 17.14.36203.30
MinimumVisualStudioVersion = 10.0.40219.1
Project("{FAE04EC0-301F-11D3-BF4B-00C04F79EFBC}") = "ClientPlugin", "ClientPlugin\ClientPlugin.csproj", "{E507FDD0-C983-44A3-BBEE-82856AC4AAE0}"
EndProject
Global
	GlobalSection(SolutionConfigurationPlatforms) = preSolution
		Debug|Any CPU = Debug|Any CPU
		Release|Any CPU = Release|Any CPU
	EndGlobalSection
	GlobalSection(ProjectConfigurationPlatforms) = postSolution
		{E507FDD0-C983-44A3-BBEE-82856AC4AAE0}.Debug|Any CPU.ActiveCfg = Debug|Any CPU
		{E507FDD0-C983-44A3-BBEE-82856AC4AAE0}.Debug|Any CPU.Build.0 = Debug|Any CPU
		{E507FDD0-C983-44A3-BBEE-82856AC4AAE0}.Release|Any CPU.ActiveCfg = Release|Any CPU
		{E507FDD0-C983-44A3-BBEE-82856AC4AAE0}.Release|Any CPU.Build.0 = Release|Any CPU
	EndGlobalSection
	GlobalSection(SolutionProperties) = preSolution
		HideSolutionNode = FALSE
	EndGlobalSection
	GlobalSection(ExtensibilityGlobals) = postSolution
		SolutionGuid = {D2F9DB86-2C75-4DCA-B774-4D41998D2D75}
	EndGlobalSection
EndGlobal
